
Microsoft Visual Studio Solution File, Format Version 12.00
# Visual Studio Version 17
VisualStudioVersion = 17.14.36915.13 d17.14
MinimumVisualStudioVersion = 10.0.40219.1
Project("{FAE04EC0-301F-11D3-BF4B-00C04F79EFBC}") = "LocatorsWebElementTest", "LocatorsWebElementTest\LocatorsWebElementTest.csproj", "{BA61AAD4-D968-443E-AD43-2EA6C5D6D316}"
EndProject
Global
	GlobalSection(SolutionConfigurationPlatforms) = preSolution
		Debug|Any CPU = Debug|Any CPU
		Release|Any CPU = Release|Any CPU
	EndGlobalSection
	GlobalSection(ProjectConfigurationPlatforms) = postSolution
		{BA61AAD4-D968-443E-AD43-2EA6C5D6D316}.Debug|Any CPU.ActiveCfg = Debug|Any CPU
		{BA61AAD4-D968-443E-AD43-2EA6C5D6D316}.Debug|Any CPU.Build.0 = Debug|Any CPU
		{BA61AAD4-D968-443E-AD43-2EA6C5D6D316}.Release|Any CPU.ActiveCfg = Release|Any CPU
		{BA61AAD4-D968-443E-AD43-2EA6C5D6D316}.Release|Any CPU.Build.0 = Release|Any CPU
	EndGlobalSection
	GlobalSection(SolutionProperties) = preSolution
		HideSolutionNode = FALSE
	EndGlobalSection
	GlobalSection(ExtensibilityGlobals) = postSolution
		SolutionGuid = {42805C02-5C4D-4CD9-954D-CD9C72901F99}
	EndGlobalSection
EndGlobal
